
Microsoft Visual Studio Solution File, Format Version 12.00
# Visual Studio 15
VisualStudioVersion = 15.0.27703.2035
MinimumVisualStudioVersion = 10.0.40219.1
Project("{9A19103F-16F7-4668-BE54-9A1E7A4F7556}") = "CarDealer.Wep", "CarDealer.Wep\CarDealer.Wep.csproj", "{5457126C-CBCC-4F0B-BE14-AD8C3DFB9825}"
EndProject
Project("{9A19103F-16F7-4668-BE54-9A1E7A4F7556}") = "CarDealer.Data", "CarDealer.Data\CarDealer.Data.csproj", "{B39EB927-F614-41A0-AAE9-89D10C507676}"
EndProject
Project("{FAE04EC0-301F-11D3-BF4B-00C04F79EFBC}") = "CarDealer.Services", "CarDealer.Services\CarDealer.Services.csproj", "{BAF67DBE-5A8E-4078-99F0-9D53EC06775A}"
EndProject
Global
	GlobalSection(SolutionConfigurationPlatforms) = preSolution
		Debug|Any CPU = Debug|Any CPU
		Release|Any CPU = Release|Any CPU
	EndGlobalSection
	GlobalSection(ProjectConfigurationPlatforms) = postSolution
		{5457126C-CBCC-4F0B-BE14-AD8C3DFB9825}.Debug|Any CPU.ActiveCfg = Debug|Any CPU
		{5457126C-CBCC-4F0B-BE14-AD8C3DFB9825}.Debug|Any CPU.Build.0 = Debug|Any CPU
		{5457126C-CBCC-4F0B-BE14-AD8C3DFB9825}.Release|Any CPU.ActiveCfg = Release|Any CPU
		{5457126C-CBCC-4F0B-BE14-AD8C3DFB9825}.Release|Any CPU.Build.0 = Release|Any CPU
		{B39EB927-F614-41A0-AAE9-89D10C507676}.Debug|Any CPU.ActiveCfg = Debug|Any CPU
		{B39EB927-F614-41A0-AAE9-89D10C507676}.Debug|Any CPU.Build.0 = Debug|Any CPU
		{B39EB927-F614-41A0-AAE9-89D10C507676}.Release|Any CPU.ActiveCfg = Release|Any CPU
		{B39EB927-F614-41A0-AAE9-89D10C507676}.Release|Any CPU.Build.0 = Release|Any CPU
		{BAF67DBE-5A8E-4078-99F0-9D53EC06775A}.Debug|Any CPU.ActiveCfg = Debug|Any CPU
		{BAF67DBE-5A8E-4078-99F0-9D53EC06775A}.Debug|Any CPU.Build.0 = Debug|Any CPU
		{BAF67DBE-5A8E-4078-99F0-9D53EC06775A}.Release|Any CPU.ActiveCfg = Release|Any CPU
		{BAF67DBE-5A8E-4078-99F0-9D53EC06775A}.Release|Any CPU.Build.0 = Release|Any CPU
	EndGlobalSection
	GlobalSection(SolutionProperties) = preSolution
		HideSolutionNode = FALSE
	EndGlobalSection
	GlobalSection(ExtensibilityGlobals) = postSolution
		SolutionGuid = {57D05138-703A-46DC-954F-37C93AB0A06F}
	EndGlobalSection
EndGlobal
